// !$*UTF8*$!
{
	archiveVersion = 1;
	classes = {
	};
	objectVersion = 56;
	objects = {

/* Begin PBXBuildFile section */
		9D1C076F2B712C680077D6A5 /* ContentView.swift in Sources */ = {isa = PBXBuildFile; fileRef = 9D1C076E2B712C680077D6A5 /* ContentView.swift */; };
		9D1C07712B712ED80077D6A5 /* SplashScreen.swift in Sources */ = {isa = PBXBuildFile; fileRef = 9D1C07702B712ED70077D6A5 /* SplashScreen.swift */; };
		9D4D99182B73C8E2002A3D49 /* CurstomShape.swift in Sources */ = {isa = PBXBuildFile; fileRef = 9D4D99172B73C8E2002A3D49 /* CurstomShape.swift */; };
		9D5A14F42B74E099004B6D00 /* HomeView.swift in Sources */ = {isa = PBXBuildFile; fileRef = 9D5A14F32B74E099004B6D00 /* HomeView.swift */; };
		9D5A14F62B74ECA8004B6D00 /* TabBarView.swift in Sources */ = {isa = PBXBuildFile; fileRef = 9D5A14F52B74ECA8004B6D00 /* TabBarView.swift */; };
		9D5A14F82B74ECD4004B6D00 /* SettingsView.swift in Sources */ = {isa = PBXBuildFile; fileRef = 9D5A14F72B74ECD4004B6D00 /* SettingsView.swift */; };
		9D5CF8832B70FFE50074535C /* BankAppWorkWithGradientAndTestingEnvironmentObjectApp.swift in Sources */ = {isa = PBXBuildFile; fileRef = 9D5CF8822B70FFE50074535C /* BankAppWorkWithGradientAndTestingEnvironmentObjectApp.swift */; };
		9D5CF8872B70FFE60074535C /* Assets.xcassets in Resources */ = {isa = PBXBuildFile; fileRef = 9D5CF8862B70FFE60074535C /* Assets.xcassets */; };
		9D5CF88A2B70FFE60074535C /* Preview Assets.xcassets in Resources */ = {isa = PBXBuildFile; fileRef = 9D5CF8892B70FFE60074535C /* Preview Assets.xcassets */; };
/* End PBXBuildFile section */

/* Begin PBXFileReference section */
		9D1C076E2B712C680077D6A5 /* ContentView.swift */ = {isa = PBXFileReference; lastKnownFileType = sourcecode.swift; path = ContentView.swift; sourceTree = "<group>"; };
		9D1C07702B712ED70077D6A5 /* SplashScreen.swift */ = {isa = PBXFileReference; fileEncoding = 4; lastKnownFileType = sourcecode.swift; path = SplashScreen.swift; sourceTree = "<group>"; };
		9D4D99172B73C8E2002A3D49 /* CurstomShape.swift */ = {isa = PBXFileReference; lastKnownFileType = sourcecode.swift; path = CurstomShape.swift; sourceTree = "<group>"; };
		9D5A14F32B74E099004B6D00 /* HomeView.swift */ = {isa = PBXFileReference; lastKnownFileType = sourcecode.swift; path = HomeView.swift; sourceTree = "<group>"; };
		9D5A14F52B74ECA8004B6D00 /* TabBarView.swift */ = {isa = PBXFileReference; lastKnownFileType = sourcecode.swift; path = TabBarView.swift; sourceTree = "<group>"; };
		9D5A14F72B74ECD4004B6D00 /* SettingsView.swift */ = {isa = PBXFileReference; lastKnownFileType = sourcecode.swift; path = SettingsView.swift; sourceTree = "<group>"; };
		9D5CF87F2B70FFE50074535C /* BankAppWorkWithGradientAndTestingEnvironmentObject.app */ = {isa = PBXFileReference; explicitFileType = wrapper.application; includeInIndex = 0; path = BankAppWorkWithGradientAndTestingEnvironmentObject.app; sourceTree = BUILT_PRODUCTS_DIR; };
		9D5CF8822B70FFE50074535C /* BankAppWorkWithGradientAndTestingEnvironmentObjectApp.swift */ = {isa = PBXFileReference; lastKnownFileType = sourcecode.swift; path = BankAppWorkWithGradientAndTestingEnvironmentObjectApp.swift; sourceTree = "<group>"; };
		9D5CF8862B70FFE60074535C /* Assets.xcassets */ = {isa = PBXFileReference; lastKnownFileType = folder.assetcatalog; path = Assets.xcassets; sourceTree = "<group>"; };
		9D5CF8892B70FFE60074535C /* Preview Assets.xcassets */ = {isa = PBXFileReference; lastKnownFileType = folder.assetcatalog; path = "Preview Assets.xcassets"; sourceTree = "<group>"; };
/* End PBXFileReference section */

/* Begin PBXFrameworksBuildPhase section */
		9D5CF87C2B70FFE50074535C /* Frameworks */ = {
			isa = PBXFrameworksBuildPhase;
			buildActionMask = 2147483647;
			files = (
			);
			runOnlyForDeploymentPostprocessing = 0;
		};
/* End PBXFrameworksBuildPhase section */

/* Begin PBXGroup section */
		9D5A14F22B7403EF004B6D00 /* TabBar */ = {
			isa = PBXGroup;
			children = (
				9D5A14F52B74ECA8004B6D00 /* TabBarView.swift */,
			);
			path = TabBar;
			sourceTree = "<group>";
		};
		9D5A14F92B74ED44004B6D00 /* Helpers */ = {
			isa = PBXGroup;
			children = (
				9D1C076E2B712C680077D6A5 /* ContentView.swift */,
			);
			path = Helpers;
			sourceTree = "<group>";
		};
		9D5A14FA2B74ED59004B6D00 /* Views */ = {
			isa = PBXGroup;
			children = (
				9D1C07702B712ED70077D6A5 /* SplashScreen.swift */,
				9D4D99172B73C8E2002A3D49 /* CurstomShape.swift */,
				9D5A14F32B74E099004B6D00 /* HomeView.swift */,
				9D5A14F72B74ECD4004B6D00 /* SettingsView.swift */,
				9D5A14F22B7403EF004B6D00 /* TabBar */,
				9D5A14F92B74ED44004B6D00 /* Helpers */,
			);
			path = Views;
			sourceTree = "<group>";
		};
		9D5CF8762B70FFE50074535C = {
			isa = PBXGroup;
			children = (
				9D5CF8812B70FFE50074535C /* BankAppWorkWithGradientAndTestingEnvironmentObject */,
				9D5CF8802B70FFE50074535C /* Products */,
			);
			sourceTree = "<group>";
		};
		9D5CF8802B70FFE50074535C /* Products */ = {
			isa = PBXGroup;
			children = (
				9D5CF87F2B70FFE50074535C /* BankAppWorkWithGradientAndTestingEnvironmentObject.app */,
			);
			name = Products;
			sourceTree = "<group>";
		};
		9D5CF8812B70FFE50074535C /* BankAppWorkWithGradientAndTestingEnvironmentObject */ = {
			isa = PBXGroup;
			children = (
				9D5CF8822B70FFE50074535C /* BankAppWorkWithGradientAndTestingEnvironmentObjectApp.swift */,
				9D5CF8862B70FFE60074535C /* Assets.xcassets */,
				9D5A14FA2B74ED59004B6D00 /* Views */,
				9D5CF8882B70FFE60074535C /* Preview Content */,
			);
			path = BankAppWorkWithGradientAndTestingEnvironmentObject;
			sourceTree = "<group>";
		};
		9D5CF8882B70FFE60074535C /* Preview Content */ = {
			isa = PBXGroup;
			children = (
				9D5CF8892B70FFE60074535C /* Preview Assets.xcassets */,
			);
			path = "Preview Content";
			sourceTree = "<group>";
		};
/* End PBXGroup section */

/* Begin PBXNativeTarget section */
		9D5CF87E2B70FFE50074535C /* BankAppWorkWithGradientAndTestingEnvironmentObject */ = {
			isa = PBXNativeTarget;
			buildConfigurationList = 9D5CF88D2B70FFE60074535C /* Build configuration list for PBXNativeTarget "BankAppWorkWithGradientAndTestingEnvironmentObject" */;
			buildPhases = (
				9D5CF87B2B70FFE50074535C /* Sources */,
				9D5CF87C2B70FFE50074535C /* Frameworks */,
				9D5CF87D2B70FFE50074535C /* Resources */,
			);
			buildRules = (
			);
			dependencies = (
			);
			name = BankAppWorkWithGradientAndTestingEnvironmentObject;
			productName = BankAppWorkWithGradientAndTestingEnvironmentObject;
			productReference = 9D5CF87F2B70FFE50074535C /* BankAppWorkWithGradientAndTestingEnvironmentObject.app */;
			productType = "com.apple.product-type.application";
		};
/* End PBXNativeTarget section */

/* Begin PBXProject section */
		9D5CF8772B70FFE50074535C /* Project object */ = {
			isa = PBXProject;
			attributes = {
				BuildIndependentTargetsInParallel = 1;
				LastSwiftUpdateCheck = 1500;
				LastUpgradeCheck = 1500;
				TargetAttributes = {
					9D5CF87E2B70FFE50074535C = {
						CreatedOnToolsVersion = 15.0.1;
					};
				};
			};
			buildConfigurationList = 9D5CF87A2B70FFE50074535C /* Build configuration list for PBXProject "BankAppWorkWithGradientAndTestingEnvironmentObject" */;
			compatibilityVersion = "Xcode 14.0";
			developmentRegion = en;
			hasScannedForEncodings = 0;
			knownRegions = (
				en,
				Base,
			);
			mainGroup = 9D5CF8762B70FFE50074535C;
			productRefGroup = 9D5CF8802B70FFE50074535C /* Products */;
			projectDirPath = "";
			projectRoot = "";
			targets = (
				9D5CF87E2B70FFE50074535C /* BankAppWorkWithGradientAndTestingEnvironmentObject */,
			);
		};
/* End PBXProject section */

/* Begin PBXResourcesBuildPhase section */
		9D5CF87D2B70FFE50074535C /* Resources */ = {
			isa = PBXResourcesBuildPhase;
			buildActionMask = 2147483647;
			files = (
				9D5CF88A2B70FFE60074535C /* Preview Assets.xcassets in Resources */,
				9D5CF8872B70FFE60074535C /* Assets.xcassets in Resources */,
			);
			runOnlyForDeploymentPostprocessing = 0;
		};
/* End PBXResourcesBuildPhase section */

/* Begin PBXSourcesBuildPhase section */
		9D5CF87B2B70FFE50074535C /* Sources */ = {
			isa = PBXSourcesBuildPhase;
			buildActionMask = 2147483647;
			files = (
				9D5A14F82B74ECD4004B6D00 /* SettingsView.swift in Sources */,
				9D1C07712B712ED80077D6A5 /* SplashScreen.swift in Sources */,
				9D5A14F62B74ECA8004B6D00 /* TabBarView.swift in Sources */,
				9D1C076F2B712C680077D6A5 /* ContentView.swift in Sources */,
				9D5CF8832B70FFE50074535C /* BankAppWorkWithGradientAndTestingEnvironmentObjectApp.swift in Sources */,
				9D5A14F42B74E099004B6D00 /* HomeView.swift in Sources */,
				9D4D99182B73C8E2002A3D49 /* CurstomShape.swift in Sources */,
			);
			runOnlyForDeploymentPostprocessing = 0;
		};
/* End PBXSourcesBuildPhase section */

/* Begin XCBuildConfiguration section */
		9D5CF88B2B70FFE60074535C /* Debug */ = {
			isa = XCBuildConfiguration;
			buildSettings = {
				ALWAYS_SEARCH_USER_PATHS = NO;
				ASSETCATALOG_COMPILER_GENERATE_SWIFT_ASSET_SYMBOL_EXTENSIONS = YES;
				CLANG_ANALYZER_NONNULL = YES;
				CLANG_ANALYZER_NUMBER_OBJECT_CONVERSION = YES_AGGRESSIVE;
				CLANG_CXX_LANGUAGE_STANDARD = "gnu++20";
				CLANG_ENABLE_MODULES = YES;
				CLANG_ENABLE_OBJC_ARC = YES;
				CLANG_ENABLE_OBJC_WEAK = YES;
				CLANG_WARN_BLOCK_CAPTURE_AUTORELEASING = YES;
				CLANG_WARN_BOOL_CONVERSION = YES;
				CLANG_WARN_COMMA = YES;
				CLANG_WARN_CONSTANT_CONVERSION = YES;
				CLANG_WARN_DEPRECATED_OBJC_IMPLEMENTATIONS = YES;
				CLANG_WARN_DIRECT_OBJC_ISA_USAGE = YES_ERROR;
				CLANG_WARN_DOCUMENTATION_COMMENTS = YES;
				CLANG_WARN_EMPTY_BODY = YES;
				CLANG_WARN_ENUM_CONVERSION = YES;
				CLANG_WARN_INFINITE_RECURSION = YES;
				CLANG_WARN_INT_CONVERSION = YES;
				CLANG_WARN_NON_LITERAL_NULL_CONVERSION = YES;
				CLANG_WARN_OBJC_IMPLICIT_RETAIN_SELF = YES;
				CLANG_WARN_OBJC_LITERAL_CONVERSION = YES;
				CLANG_WARN_OBJC_ROOT_CLASS = YES_ERROR;
				CLANG_WARN_QUOTED_INCLUDE_IN_FRAMEWORK_HEADER = YES;
				CLANG_WARN_RANGE_LOOP_ANALYSIS = YES;
				CLANG_WARN_STRICT_PROTOTYPES = YES;
				CLANG_WARN_SUSPICIOUS_MOVE = YES;
				CLANG_WARN_UNGUARDED_AVAILABILITY = YES_AGGRESSIVE;
				CLANG_WARN_UNREACHABLE_CODE = YES;
				CLANG_WARN__DUPLICATE_METHOD_MATCH = YES;
				COPY_PHASE_STRIP = NO;
				DEBUG_INFORMATION_FORMAT = dwarf;
				ENABLE_STRICT_OBJC_MSGSEND = YES;
				ENABLE_TESTABILITY = YES;
				ENABLE_USER_SCRIPT_SANDBOXING = YES;
				GCC_C_LANGUAGE_STANDARD = gnu17;
				GCC_DYNAMIC_NO_PIC = NO;
				GCC_NO_COMMON_BLOCKS = YES;
				GCC_OPTIMIZATION_LEVEL = 0;
				GCC_PREPROCESSOR_DEFINITIONS = (
					"DEBUG=1",
					"$(inherited)",
				);
				GCC_WARN_64_TO_32_BIT_CONVERSION = YES;
				GCC_WARN_ABOUT_RETURN_TYPE = YES_ERROR;
				GCC_WARN_UNDECLARED_SELECTOR = YES;
				GCC_WARN_UNINITIALIZED_AUTOS = YES_AGGRESSIVE;
				GCC_WARN_UNUSED_FUNCTION = YES;
				GCC_WARN_UNUSED_VARIABLE = YES;
				IPHONEOS_DEPLOYMENT_TARGET = 17.0;
				LOCALIZATION_PREFERS_STRING_CATALOGS = YES;
				MTL_ENABLE_DEBUG_INFO = INCLUDE_SOURCE;
				MTL_FAST_MATH = YES;
				ONLY_ACTIVE_ARCH = YES;
				SDKROOT = iphoneos;
				SWIFT_ACTIVE_COMPILATION_CONDITIONS = "DEBUG $(inherited)";
				SWIFT_OPTIMIZATION_LEVEL = "-Onone";
			};
			name = Debug;
		};
		9D5CF88C2B70FFE60074535C /* Release */ = {
			isa = XCBuildConfiguration;
			buildSettings = {
				ALWAYS_SEARCH_USER_PATHS = NO;
				ASSETCATALOG_COMPILER_GENERATE_SWIFT_ASSET_SYMBOL_EXTENSIONS = YES;
				CLANG_ANALYZER_NONNULL = YES;
				CLANG_ANALYZER_NUMBER_OBJECT_CONVERSION = YES_AGGRESSIVE;
				CLANG_CXX_LANGUAGE_STANDARD = "gnu++20";
				CLANG_ENABLE_MODULES = YES;
				CLANG_ENABLE_OBJC_ARC = YES;
				CLANG_ENABLE_OBJC_WEAK = YES;
				CLANG_WARN_BLOCK_CAPTURE_AUTORELEASING = YES;
				CLANG_WARN_BOOL_CONVERSION = YES;
				CLANG_WARN_COMMA = YES;
				CLANG_WARN_CONSTANT_CONVERSION = YES;
				CLANG_WARN_DEPRECATED_OBJC_IMPLEMENTATIONS = YES;
				CLANG_WARN_DIRECT_OBJC_ISA_USAGE = YES_ERROR;
				CLANG_WARN_DOCUMENTATION_COMMENTS = YES;
				CLANG_WARN_EMPTY_BODY = YES;
				CLANG_WARN_ENUM_CONVERSION = YES;
				CLANG_WARN_INFINITE_RECURSION = YES;
				CLANG_WARN_INT_CONVERSION = YES;
				CLANG_WARN_NON_LITERAL_NULL_CONVERSION = YES;
				CLANG_WARN_OBJC_IMPLICIT_RETAIN_SELF = YES;
				CLANG_WARN_OBJC_LITERAL_CONVERSION = YES;
				CLANG_WARN_OBJC_ROOT_CLASS = YES_ERROR;
				CLANG_WARN_QUOTED_INCLUDE_IN_FRAMEWORK_HEADER = YES;
				CLANG_WARN_RANGE_LOOP_ANALYSIS = YES;
				CLANG_WARN_STRICT_PROTOTYPES = YES;
				CLANG_WARN_SUSPICIOUS_MOVE = YES;
				CLANG_WARN_UNGUARDED_AVAILABILITY = YES_AGGRESSIVE;
				CLANG_WARN_UNREACHABLE_CODE = YES;
				CLANG_WARN__DUPLICATE_METHOD_MATCH = YES;
				COPY_PHASE_STRIP = NO;
				DEBUG_INFORMATION_FORMAT = "dwarf-with-dsym";
				ENABLE_NS_ASSERTIONS = NO;
				ENABLE_STRICT_OBJC_MSGSEND = YES;
				ENABLE_USER_SCRIPT_SANDBOXING = YES;
				GCC_C_LANGUAGE_STANDARD = gnu17;
				GCC_NO_COMMON_BLOCKS = YES;
				GCC_WARN_64_TO_32_BIT_CONVERSION = YES;
				GCC_WARN_ABOUT_RETURN_TYPE = YES_ERROR;
				GCC_WARN_UNDECLARED_SELECTOR = YES;
				GCC_WARN_UNINITIALIZED_AUTOS = YES_AGGRESSIVE;
				GCC_WARN_UNUSED_FUNCTION = YES;
				GCC_WARN_UNUSED_VARIABLE = YES;
				IPHONEOS_DEPLOYMENT_TARGET = 17.0;
				LOCALIZATION_PREFERS_STRING_CATALOGS = YES;
				MTL_ENABLE_DEBUG_INFO = NO;
				MTL_FAST_MATH = YES;
				SDKROOT = iphoneos;
				SWIFT_COMPILATION_MODE = wholemodule;
				VALIDATE_PRODUCT = YES;
			};
			name = Release;
		};
		9D5CF88E2B70FFE60074535C /* Debug */ = {
			isa = XCBuildConfiguration;
			buildSettings = {
				ASSETCATALOG_COMPILER_APPICON_NAME = AppIcon;
				ASSETCATALOG_COMPILER_GLOBAL_ACCENT_COLOR_NAME = AccentColor;
				CODE_SIGN_STYLE = Automatic;
				CURRENT_PROJECT_VERSION = 1;
				DEVELOPMENT_ASSET_PATHS = "\"BankAppWorkWithGradientAndTestingEnvironmentObject/Preview Content\"";
				DEVELOPMENT_TEAM = 7L7LCFBR3F;
				ENABLE_PREVIEWS = YES;
				GENERATE_INFOPLIST_FILE = YES;
				INFOPLIST_KEY_UIApplicationSceneManifest_Generation = YES;
				INFOPLIST_KEY_UIApplicationSupportsIndirectInputEvents = YES;
				INFOPLIST_KEY_UILaunchScreen_Generation = YES;
				INFOPLIST_KEY_UISupportedInterfaceOrientations_iPad = "UIInterfaceOrientationPortrait UIInterfaceOrientationPortraitUpsideDown UIInterfaceOrientationLandscapeLeft UIInterfaceOrientationLandscapeRight";
				INFOPLIST_KEY_UISupportedInterfaceOrientations_iPhone = "UIInterfaceOrientationPortrait UIInterfaceOrientationLandscapeLeft UIInterfaceOrientationLandscapeRight";
				LD_RUNPATH_SEARCH_PATHS = (
					"$(inherited)",
					"@executable_path/Frameworks",
				);
				MARKETING_VERSION = 1.0;
				PRODUCT_BUNDLE_IDENTIFIER = com.maksymlakhman.BankAppWorkWithGradientAndTestingEnvironmentObject;
				PRODUCT_NAME = "$(TARGET_NAME)";
				SWIFT_EMIT_LOC_STRINGS = YES;
				SWIFT_VERSION = 5.0;
				TARGETED_DEVICE_FAMILY = "1,2";
			};
			name = Debug;
		};
		9D5CF88F2B70FFE60074535C /* Release */ = {
			isa = XCBuildConfiguration;
			buildSettings = {
				ASSETCATALOG_COMPILER_APPICON_NAME = AppIcon;
				ASSETCATALOG_COMPILER_GLOBAL_ACCENT_COLOR_NAME = AccentColor;
				CODE_SIGN_STYLE = Automatic;
				CURRENT_PROJECT_VERSION = 1;
				DEVELOPMENT_ASSET_PATHS = "\"BankAppWorkWithGradientAndTestingEnvironmentObject/Preview Content\"";
				DEVELOPMENT_TEAM = 7L7LCFBR3F;
				ENABLE_PREVIEWS = YES;
				GENERATE_INFOPLIST_FILE = YES;
				INFOPLIST_KEY_UIApplicationSceneManifest_Generation = YES;
				INFOPLIST_KEY_UIApplicationSupportsIndirectInputEvents = YES;
				INFOPLIST_KEY_UILaunchScreen_Generation = YES;
				INFOPLIST_KEY_UISupportedInterfaceOrientations_iPad = "UIInterfaceOrientationPortrait UIInterfaceOrientationPortraitUpsideDown UIInterfaceOrientationLandscapeLeft UIInterfaceOrientationLandscapeRight";
				INFOPLIST_KEY_UISupportedInterfaceOrientations_iPhone = "UIInterfaceOrientationPortrait UIInterfaceOrientationLandscapeLeft UIInterfaceOrientationLandscapeRight";
				LD_RUNPATH_SEARCH_PATHS = (
					"$(inherited)",
					"@executable_path/Frameworks",
				);
				MARKETING_VERSION = 1.0;
				PRODUCT_BUNDLE_IDENTIFIER = com.maksymlakhman.BankAppWorkWithGradientAndTestingEnvironmentObject;
				PRODUCT_NAME = "$(TARGET_NAME)";
				SWIFT_EMIT_LOC_STRINGS = YES;
				SWIFT_VERSION = 5.0;
				TARGETED_DEVICE_FAMILY = "1,2";
			};
			name = Release;
		};
/* End XCBuildConfiguration section */

/* Begin XCConfigurationList section */
		9D5CF87A2B70FFE50074535C /* Build configuration list for PBXProject "BankAppWorkWithGradientAndTestingEnvironmentObject" */ = {
			isa = XCConfigurationList;
			buildConfigurations = (
				9D5CF88B2B70FFE60074535C /* Debug */,
				9D5CF88C2B70FFE60074535C /* Release */,
			);
			defaultConfigurationIsVisible = 0;
			defaultConfigurationName = Release;
		};
		9D5CF88D2B70FFE60074535C /* Build configuration list for PBXNativeTarget "BankAppWorkWithGradientAndTestingEnvironmentObject" */ = {
			isa = XCConfigurationList;
			buildConfigurations = (
				9D5CF88E2B70FFE60074535C /* Debug */,
				9D5CF88F2B70FFE60074535C /* Release */,
			);
			defaultConfigurationIsVisible = 0;
			defaultConfigurationName = Release;
		};
/* End XCConfigurationList section */
	};
	rootObject = 9D5CF8772B70FFE50074535C /* Project object */;
}
